
Microsoft Visual Studio Solution File, Format Version 12.00
# Visual Studio 2012
Project("{FAE04EC0-301F-11D3-BF4B-00C04F79EFBC}") = "ScaleBridge.Message", "ScaleBridge.Message\ScaleBridge.Message.csproj", "{5C883097-24FD-4DBF-AFB7-6EA033E9A5A7}"
EndProject
Project("{FAE04EC0-301F-11D3-BF4B-00C04F79EFBC}") = "ScaleBridge.Core", "ScaleBridge.Core\ScaleBridge.Core.csproj", "{4DD0E68A-60EC-4E23-B387-CB8D071DA0C1}"
EndProject
Project("{FAE04EC0-301F-11D3-BF4B-00C04F79EFBC}") = "ScaleBridge.Web", "ScaleBridge.Web\ScaleBridge.Web.csproj", "{957F2D6E-1B2C-4666-9C13-9881B4B47D29}"
EndProject
Global
	GlobalSection(SolutionConfigurationPlatforms) = preSolution
		Debug|Any CPU = Debug|Any CPU
		Release|Any CPU = Release|Any CPU
	EndGlobalSection
	GlobalSection(ProjectConfigurationPlatforms) = postSolution
		{4DD0E68A-60EC-4E23-B387-CB8D071DA0C1}.Debug|Any CPU.ActiveCfg = Debug|Any CPU
		{4DD0E68A-60EC-4E23-B387-CB8D071DA0C1}.Debug|Any CPU.Build.0 = Debug|Any CPU
		{4DD0E68A-60EC-4E23-B387-CB8D071DA0C1}.Release|Any CPU.ActiveCfg = Release|Any CPU
		{4DD0E68A-60EC-4E23-B387-CB8D071DA0C1}.Release|Any CPU.Build.0 = Release|Any CPU
		{5C883097-24FD-4DBF-AFB7-6EA033E9A5A7}.Debug|Any CPU.ActiveCfg = Debug|Any CPU
		{5C883097-24FD-4DBF-AFB7-6EA033E9A5A7}.Debug|Any CPU.Build.0 = Debug|Any CPU
		{5C883097-24FD-4DBF-AFB7-6EA033E9A5A7}.Release|Any CPU.ActiveCfg = Release|Any CPU
		{5C883097-24FD-4DBF-AFB7-6EA033E9A5A7}.Release|Any CPU.Build.0 = Release|Any CPU
		{957F2D6E-1B2C-4666-9C13-9881B4B47D29}.Debug|Any CPU.ActiveCfg = Debug|Any CPU
		{957F2D6E-1B2C-4666-9C13-9881B4B47D29}.Debug|Any CPU.Build.0 = Debug|Any CPU
		{957F2D6E-1B2C-4666-9C13-9881B4B47D29}.Release|Any CPU.ActiveCfg = Release|Any CPU
		{957F2D6E-1B2C-4666-9C13-9881B4B47D29}.Release|Any CPU.Build.0 = Release|Any CPU
	EndGlobalSection
EndGlobal
